
Microsoft Visual Studio Solution File, Format Version 12.00
# Visual Studio Version 17
VisualStudioVersion = 17.6.33829.357
MinimumVisualStudioVersion = 10.0.40219.1
Project("{F184B08F-C81C-45F6-A57F-5ABD9991F28F}") = "AppHotelBeni", "AppHotelBeni.vbproj", "{0BDF7417-253C-4314-B88E-871E2E1ECD21}"
EndProject
Project("{F184B08F-C81C-45F6-A57F-5ABD9991F28F}") = "CmpHotelBeni", "..\CmpHotelBeni\CmpHotelBeni.vbproj", "{7B1C8671-C6B6-44BA-8CCF-D0050ADD7632}"
EndProject
Global
	GlobalSection(SolutionConfigurationPlatforms) = preSolution
		Debug|Any CPU = Debug|Any CPU
		Release|Any CPU = Release|Any CPU
	EndGlobalSection
	GlobalSection(ProjectConfigurationPlatforms) = postSolution
		{0BDF7417-253C-4314-B88E-871E2E1ECD21}.Debug|Any CPU.ActiveCfg = Debug|Any CPU
		{0BDF7417-253C-4314-B88E-871E2E1ECD21}.Debug|Any CPU.Build.0 = Debug|Any CPU
		{0BDF7417-253C-4314-B88E-871E2E1ECD21}.Release|Any CPU.ActiveCfg = Release|Any CPU
		{0BDF7417-253C-4314-B88E-871E2E1ECD21}.Release|Any CPU.Build.0 = Release|Any CPU
		{7B1C8671-C6B6-44BA-8CCF-D0050ADD7632}.Debug|Any CPU.ActiveCfg = Debug|Any CPU
		{7B1C8671-C6B6-44BA-8CCF-D0050ADD7632}.Debug|Any CPU.Build.0 = Debug|Any CPU
		{7B1C8671-C6B6-44BA-8CCF-D0050ADD7632}.Release|Any CPU.ActiveCfg = Release|Any CPU
		{7B1C8671-C6B6-44BA-8CCF-D0050ADD7632}.Release|Any CPU.Build.0 = Release|Any CPU
	EndGlobalSection
	GlobalSection(SolutionProperties) = preSolution
		HideSolutionNode = FALSE
	EndGlobalSection
	GlobalSection(ExtensibilityGlobals) = postSolution
		SolutionGuid = {F86966D7-EA7E-4310-8FD0-01D95E533639}
	EndGlobalSection
EndGlobal
